
Microsoft Visual Studio Solution File, Format Version 9.00
# Visual Studio 2005
Project("{FAE04EC0-301F-11D3-BF4B-00C04F79EFBC}") = "CSHARP_POSTEK_PRINT", "CSHARP_POSTEK_PRINT.csproj", "{161F42B8-14FA-438A-A478-980A01CC9B28}"
EndProject
Global
	GlobalSection(SolutionConfigurationPlatforms) = preSolution
		Debug|Any CPU = Debug|Any CPU
		Release|Any CPU = Release|Any CPU
	EndGlobalSection
	GlobalSection(ProjectConfigurationPlatforms) = postSolution
		{161F42B8-14FA-438A-A478-980A01CC9B28}.Debug|Any CPU.ActiveCfg = Debug|Any CPU
		{161F42B8-14FA-438A-A478-980A01CC9B28}.Debug|Any CPU.Build.0 = Debug|Any CPU
		{161F42B8-14FA-438A-A478-980A01CC9B28}.Release|Any CPU.ActiveCfg = Release|Any CPU
		{161F42B8-14FA-438A-A478-980A01CC9B28}.Release|Any CPU.Build.0 = Release|Any CPU
	EndGlobalSection
	GlobalSection(SolutionProperties) = preSolution
		HideSolutionNode = FALSE
	EndGlobalSection
EndGlobal
