<?xml version="1.0" encoding="utf-8"?>
<Project ToolsVersion="4.0" xmlns="http://schemas.microsoft.com/developer/msbuild/2003">
  <ItemGroup>
    <Filter Include="源文件">
      <UniqueIdentifier>{4FC737F1-C7A5-4376-A066-2A32D752A2FF}</UniqueIdentifier>
      <Extensions>cpp;c;cc;cxx;def;odl;idl;hpj;bat;asm;asmx</Extensions>
    </Filter>
    <Filter Include="头文件">
      <UniqueIdentifier>{93995380-89BD-4b04-88EB-625FBE52EBFB}</UniqueIdentifier>
      <Extensions>h;hpp;hxx;hm;inl;inc;xsd</Extensions>
    </Filter>
    <Filter Include="资源文件">
      <UniqueIdentifier>{67DA6AB6-F800-4c08-8B7A-83BB121AAD01}</UniqueIdentifier>
      <Extensions>rc;ico;cur;bmp;dlg;rc2;rct;bin;rgs;gif;jpg;jpeg;jpe;resx;tiff;tif;png;wav;mfcribbon-ms</Extensions>
    </Filter>
    <Filter Include="gts">
      <UniqueIdentifier>{817fb997-c3ff-4452-a456-0d0288275787}</UniqueIdentifier>
    </Filter>
    <Filter Include="extio">
      <UniqueIdentifier>{13d84295-71ae-475f-aa6e-d8e49d83aa6f}</UniqueIdentifier>
    </Filter>
  </ItemGroup>
  <ItemGroup>
    <None Include="ReadMe.txt" />
    <None Include="app.ico">
      <Filter>资源文件</Filter>
    </None>
  </ItemGroup>
  <ItemGroup>
    <ClCompile Include="AssemblyInfo.cpp">
      <Filter>源文件</Filter>
    </ClCompile>
    <ClCompile Include="stdafx.cpp">
      <Filter>源文件</Filter>
    </ClCompile>
    <ClCompile Include="gts\gtsmotionclass.cpp">
      <Filter>gts</Filter>
    </ClCompile>
    <ClCompile Include="extio\ioextension.cpp">
      <Filter>extio</Filter>
    </ClCompile>
    <ClCompile Include="gtsmotionproxy.cpp">
      <Filter>源文件</Filter>
    </ClCompile>
    <ClCompile Include="main.cpp">
      <Filter>源文件</Filter>
    </ClCompile>
    <ClCompile Include="gtscontrol.cpp">
      <Filter>源文件</Filter>
    </ClCompile>
    <ClCompile Include="iocontrol.cpp">
      <Filter>源文件</Filter>
    </ClCompile>
  </ItemGroup>
  <ItemGroup>
    <ClInclude Include="stdafx.h">
      <Filter>头文件</Filter>
    </ClInclude>
    <ClInclude Include="resource.h">
      <Filter>头文件</Filter>
    </ClInclude>
    <ClInclude Include="gts\gtsmotionclass.h">
      <Filter>gts</Filter>
    </ClInclude>
    <ClInclude Include="gts\gts.h">
      <Filter>gts</Filter>
    </ClInclude>
    <ClInclude Include="extio\extmdl.h">
      <Filter>extio</Filter>
    </ClInclude>
    <ClInclude Include="extio\ioextension.h">
      <Filter>extio</Filter>
    </ClInclude>
    <ClInclude Include="gtsmotionproxy.h">
      <Filter>头文件</Filter>
    </ClInclude>
    <ClInclude Include="gtscontrol.h">
      <Filter>头文件</Filter>
    </ClInclude>
    <ClInclude Include="iocontrol.h">
      <Filter>头文件</Filter>
    </ClInclude>
  </ItemGroup>
  <ItemGroup>
    <ResourceCompile Include="app.rc">
      <Filter>资源文件</Filter>
    </ResourceCompile>
  </ItemGroup>
  <ItemGroup>
    <EmbeddedResource Include="gtscontrol.resx">
      <Filter>资源文件</Filter>
    </EmbeddedResource>
    <EmbeddedResource Include="iocontrol.resx">
      <Filter>资源文件</Filter>
    </EmbeddedResource>
  </ItemGroup>
</Project>